
Microsoft Visual Studio Solution File, Format Version 12.00
# Visual Studio Version 16
VisualStudioVersion = 16.0.30204.135
MinimumVisualStudioVersion = 10.0.40219.1
Project("{FAE04EC0-301F-11D3-BF4B-00C04F79EFBC}") = "GoogleDriveFilesAPI_v3", "GoogleDriveFilesAPI_v3.csproj", "{3160BB95-B520-4DE2-822F-8F0B0AA667FF}"
EndProject
Global
	GlobalSection(SolutionConfigurationPlatforms) = preSolution
		Debug|Any CPU = Debug|Any CPU
		Release|Any CPU = Release|Any CPU
	EndGlobalSection
	GlobalSection(ProjectConfigurationPlatforms) = postSolution
		{3160BB95-B520-4DE2-822F-8F0B0AA667FF}.Debug|Any CPU.ActiveCfg = Debug|Any CPU
		{3160BB95-B520-4DE2-822F-8F0B0AA667FF}.Debug|Any CPU.Build.0 = Debug|Any CPU
		{3160BB95-B520-4DE2-822F-8F0B0AA667FF}.Release|Any CPU.ActiveCfg = Release|Any CPU
		{3160BB95-B520-4DE2-822F-8F0B0AA667FF}.Release|Any CPU.Build.0 = Release|Any CPU
	EndGlobalSection
	GlobalSection(SolutionProperties) = preSolution
		HideSolutionNode = FALSE
	EndGlobalSection
	GlobalSection(ExtensibilityGlobals) = postSolution
		SolutionGuid = {02405B1B-E317-40C0-8B73-D6607E055322}
	EndGlobalSection
EndGlobal
